lockfileVersion: '9.0'

settings:
  autoInstallPeers: true
  excludeLinksFromLockfile: false

importers:

  .:
    dependencies:
      libphonenumber-js:
        specifier: ^1.12.6
        version: 1.13.12
    devDependencies:
      typescript:
        specifier: ^5.9.3
        version: 5.9.3

packages:

  libphonenumber-js@1.13.12:
    resolution: {integrity: sha512-uLVeV1c9OTk6qkdqnj+mpMD+ZdnZ0szVyWu58HwMmpwkHA1gCEkyjd3veZQXDnuw9KEwSRjcc9B1pS9XKIN1fA==}

  typescript@5.9.3:
    resolution: {integrity: sha512-jl1vZzPDinLr9eUt3J/t7V6FgNEw9QjvBPdysz9KfQDD41fQrC2Y4vKQdiaUpFT4bXlb1RHhLpp8wtm6M5TgSw==}
    engines: {node: '>=14.17'}
    hasBin: true

snapshots:

  libphonenumber-js@1.13.12: {}

  typescript@5.9.3: {}
